{
  "nodes": {
    "flakeNimbleLib": {
      "inputs": {
        "nixpkgs": [
          "nixpkgs"
        ]
      },
      "locked": {
        "lastModified": 1646967037,
        "narHash": "sha256-BoEqkGzLVnFICrF15wczZJrfF1vMVngRzF5cEgFzdzU=",
        "owner": "riinr",
        "repo": "nim-flakes-lib",
        "rev": "028e7596fdb918b72a295d220d48417ab2f5dfd1",
        "type": "github"
      },
      "original": {
        "owner": "riinr",
        "ref": "master",
        "repo": "nim-flakes-lib",
        "type": "github"
      }
    },
    "nixpkgs": {
      "locked": {
        "narHash": "sha256-+8mazL4KLh6VltXYJc5+QFA5Q1i+Uh/TadRl9/+qcx8=",
        "path": "/nix/store/gddrvlqs5qf1bp3kc80gp3qg5vm8kj76-source",
        "type": "path"
      },
      "original": {
        "id": "nixpkgs",
        "type": "indirect"
      }
    },
    "root": {
      "inputs": {
        "flakeNimbleLib": "flakeNimbleLib",
        "nixpkgs": "nixpkgs",
        "src-niup-v3_30_7": "src-niup-v3_30_7"
      }
    },
    "src-niup-v3_30_7": {
      "flake": false,
      "locked": {
        "lastModified": 1642186593,
        "narHash": "sha256-b42IW3z1UoKLlkATZbQNXU26UydovjSPCw0ZJtQbESI=",
        "owner": "dariolah",
        "repo": "niup",
        "rev": "7ecf5cef8ee4dd2c88c8d04efb0cd321cf0a6d9f",
        "type": "github"
      },
      "original": {
        "owner": "dariolah",
        "ref": "refs/tags/v3.30.7",
        "repo": "niup",
        "type": "github"
      }
    }
  },
  "root": "root",
  "version": 7
}
